
Microsoft Visual Studio Solution File, Format Version 12.00
# Visual Studio Version 16
VisualStudioVersion = 16.0.30523.141
MinimumVisualStudioVersion = 10.0.40219.1
Project("{FAE04EC0-301F-11D3-BF4B-00C04F79EFBC}") = "Övning1.0", "Övning1.0.csproj", "{D6620899-169B-4D61-86FB-4D6F6360470D}"
EndProject
Global
	GlobalSection(SolutionConfigurationPlatforms) = preSolution
		Debug|Any CPU = Debug|Any CPU
		Release|Any CPU = Release|Any CPU
	EndGlobalSection
	GlobalSection(ProjectConfigurationPlatforms) = postSolution
		{D6620899-169B-4D61-86FB-4D6F6360470D}.Debug|Any CPU.ActiveCfg = Debug|Any CPU
		{D6620899-169B-4D61-86FB-4D6F6360470D}.Debug|Any CPU.Build.0 = Debug|Any CPU
		{D6620899-169B-4D61-86FB-4D6F6360470D}.Release|Any CPU.ActiveCfg = Release|Any CPU
		{D6620899-169B-4D61-86FB-4D6F6360470D}.Release|Any CPU.Build.0 = Release|Any CPU
	EndGlobalSection
	GlobalSection(SolutionProperties) = preSolution
		HideSolutionNode = FALSE
	EndGlobalSection
	GlobalSection(ExtensibilityGlobals) = postSolution
		SolutionGuid = {FFC2B55E-7321-44EF-A87B-1D758944D2CC}
	EndGlobalSection
EndGlobal
